// !$*UTF8*$!
{
	archiveVersion = 1;
	classes = {
	};
	objectVersion = 50;
	objects = {

/* Begin PBXBuildFile section */
		0AF7FEA521F1F14100E3AFEF /* AppDelegate.m in Sources */ = {isa = PBXBuildFile; fileRef = 0AF7FEA421F1F14100E3AFEF /* AppDelegate.m */; };
		0AF7FEA821F1F14100E3AFEF /* ViewController.m in Sources */ = {isa = PBXBuildFile; fileRef = 0AF7FEA721F1F14100E3AFEF /* ViewController.m */; };
		0AF7FEAB21F1F14100E3AFEF /* Main.storyboard in Resources */ = {isa = PBXBuildFile; fileRef = 0AF7FEA921F1F14100E3AFEF /* Main.storyboard */; };
		0AF7FEAD21F1F14200E3AFEF /* Assets.xcassets in Resources */ = {isa = PBXBuildFile; fileRef = 0AF7FEAC21F1F14200E3AFEF /* Assets.xcassets */; };
		0AF7FEB021F1F14200E3AFEF /* LaunchScreen.storyboard in Resources */ = {isa = PBXBuildFile; fileRef = 0AF7FEAE21F1F14200E3AFEF /* LaunchScreen.storyboard */; };
		0AF7FEB321F1F14200E3AFEF /* main.m in Sources */ = {isa = PBXBuildFile; fileRef = 0AF7FEB221F1F14200E3AFEF /* main.m */; };
		0AF7FEBD21F1F14200E3AFEF /* OBJDescriptionTests.m in Sources */ = {isa = PBXBuildFile; fileRef = 0AF7FEBC21F1F14200E3AFEF /* OBJDescriptionTests.m */; };
		0AF7FEC821F1F14200E3AFEF /* OBJDescriptionUITests.m in Sources */ = {isa = PBXBuildFile; fileRef = 0AF7FEC721F1F14200E3AFEF /* OBJDescriptionUITests.m */; };
		0AF7FED721F1F3A500E3AFEF /* NSObject+Sharker_description.m in Sources */ = {isa = PBXBuildFile; fileRef = 0AF7FED621F1F3A500E3AFEF /* NSObject+Sharker_description.m */; };
		0AF7FEE021F1F5A000E3AFEF /* NSArray+Sharker_log.m in Sources */ = {isa = PBXBuildFile; fileRef = 0AF7FEDF21F1F5A000E3AFEF /* NSArray+Sharker_log.m */; };
		0AF7FEE321F1F63400E3AFEF /* NSDictionary+Sharker_log.m in Sources */ = {isa = PBXBuildFile; fileRef = 0AF7FEE221F1F63400E3AFEF /* NSDictionary+Sharker_log.m */; };
		0AF7FEE621F2294D00E3AFEF /* Person.m in Sources */ = {isa = PBXBuildFile; fileRef = 0AF7FEE521F2294D00E3AFEF /* Person.m */; };
/* End PBXBuildFile section */

/* Begin PBXContainerItemProxy section */
		0AF7FEB921F1F14200E3AFEF /* PBXContainerItemProxy */ = {
			isa = PBXContainerItemProxy;
			containerPortal = 0AF7FE9821F1F14100E3AFEF /* Project object */;
			proxyType = 1;
			remoteGlobalIDString = 0AF7FE9F21F1F14100E3AFEF;
			remoteInfo = OBJDescription;
		};
		0AF7FEC421F1F14200E3AFEF /* PBXContainerItemProxy */ = {
			isa = PBXContainerItemProxy;
			containerPortal = 0AF7FE9821F1F14100E3AFEF /* Project object */;
			proxyType = 1;
			remoteGlobalIDString = 0AF7FE9F21F1F14100E3AFEF;
			remoteInfo = OBJDescription;
		};
/* End PBXContainerItemProxy section */

/* Begin PBXFileReference section */
		0AF7FEA021F1F14100E3AFEF /* OBJDescription.app */ = {isa = PBXFileReference; explicitFileType = wrapper.application; includeInIndex = 0; path = OBJDescription.app; sourceTree = BUILT_PRODUCTS_DIR; };
		0AF7FEA321F1F14100E3AFEF /* AppDelegate.h */ = {isa = PBXFileReference; lastKnownFileType = sourcecode.c.h; path = AppDelegate.h; sourceTree = "<group>"; };
		0AF7FEA421F1F14100E3AFEF /* AppDelegate.m */ = {isa = PBXFileReference; lastKnownFileType = sourcecode.c.objc; path = AppDelegate.m; sourceTree = "<group>"; };
		0AF7FEA621F1F14100E3AFEF /* ViewController.h */ = {isa = PBXFileReference; lastKnownFileType = sourcecode.c.h; path = ViewController.h; sourceTree = "<group>"; };
		0AF7FEA721F1F14100E3AFEF /* ViewController.m */ = {isa = PBXFileReference; lastKnownFileType = sourcecode.c.objc; path = ViewController.m; sourceTree = "<group>"; };
		0AF7FEAA21F1F14100E3AFEF /* Base */ = {isa = PBXFileReference; lastKnownFileType = file.storyboard; name = Base; path = Base.lproj/Main.storyboard; sourceTree = "<group>"; };
		0AF7FEAC21F1F14200E3AFEF /* Assets.xcassets */ = {isa = PBXFileReference; lastKnownFileType = folder.assetcatalog; path = Assets.xcassets; sourceTree = "<group>"; };
		0AF7FEAF21F1F14200E3AFEF /* Base */ = {isa = PBXFileReference; lastKnownFileType = file.storyboard; name = Base; path = Base.lproj/LaunchScreen.storyboard; sourceTree = "<group>"; };
		0AF7FEB121F1F14200E3AFEF /* Info.plist */ = {isa = PBXFileReference; lastKnownFileType = text.plist.xml; path = Info.plist; sourceTree = "<group>"; };
		0AF7FEB221F1F14200E3AFEF /* main.m */ = {isa = PBXFileReference; lastKnownFileType = sourcecode.c.objc; path = main.m; sourceTree = "<group>"; };
		0AF7FEB821F1F14200E3AFEF /* OBJDescriptionTests.xctest */ = {isa = PBXFileReference; explicitFileType = wrapper.cfbundle; includeInIndex = 0; path = OBJDescriptionTests.xctest; sourceTree = BUILT_PRODUCTS_DIR; };
		0AF7FEBC21F1F14200E3AFEF /* OBJDescriptionTests.m */ = {isa = PBXFileReference; lastKnownFileType = sourcecode.c.objc; path = OBJDescriptionTests.m; sourceTree = "<group>"; };
		0AF7FEBE21F1F14200E3AFEF /* Info.plist */ = {isa = PBXFileReference; lastKnownFileType = text.plist.xml; path = Info.plist; sourceTree = "<group>"; };
		0AF7FEC321F1F14200E3AFEF /* OBJDescriptionUITests.xctest */ = {isa = PBXFileReference; explicitFileType = wrapper.cfbundle; includeInIndex = 0; path = OBJDescriptionUITests.xctest; sourceTree = BUILT_PRODUCTS_DIR; };
		0AF7FEC721F1F14200E3AFEF /* OBJDescriptionUITests.m */ = {isa = PBXFileReference; lastKnownFileType = sourcecode.c.objc; path = OBJDescriptionUITests.m; sourceTree = "<group>"; };
		0AF7FEC921F1F14200E3AFEF /* Info.plist */ = {isa = PBXFileReference; lastKnownFileType = text.plist.xml; path = Info.plist; sourceTree = "<group>"; };
		0AF7FED521F1F3A500E3AFEF /* NSObject+Sharker_description.h */ = {isa = PBXFileReference; lastKnownFileType = sourcecode.c.h; path = "NSObject+Sharker_description.h"; sourceTree = "<group>"; };
		0AF7FED621F1F3A500E3AFEF /* NSObject+Sharker_description.m */ = {isa = PBXFileReference; lastKnownFileType = sourcecode.c.objc; path = "NSObject+Sharker_description.m"; sourceTree = "<group>"; };
		0AF7FEDE21F1F5A000E3AFEF /* NSArray+Sharker_log.h */ = {isa = PBXFileReference; lastKnownFileType = sourcecode.c.h; path = "NSArray+Sharker_log.h"; sourceTree = "<group>"; };
		0AF7FEDF21F1F5A000E3AFEF /* NSArray+Sharker_log.m */ = {isa = PBXFileReference; lastKnownFileType = sourcecode.c.objc; path = "NSArray+Sharker_log.m"; sourceTree = "<group>"; };
		0AF7FEE121F1F63400E3AFEF /* NSDictionary+Sharker_log.h */ = {isa = PBXFileReference; lastKnownFileType = sourcecode.c.h; path = "NSDictionary+Sharker_log.h"; sourceTree = "<group>"; };
		0AF7FEE221F1F63400E3AFEF /* NSDictionary+Sharker_log.m */ = {isa = PBXFileReference; lastKnownFileType = sourcecode.c.objc; path = "NSDictionary+Sharker_log.m"; sourceTree = "<group>"; };
		0AF7FEE421F2294D00E3AFEF /* Person.h */ = {isa = PBXFileReference; lastKnownFileType = sourcecode.c.h; path = Person.h; sourceTree = "<group>"; };
		0AF7FEE521F2294D00E3AFEF /* Person.m */ = {isa = PBXFileReference; lastKnownFileType = sourcecode.c.objc; path = Person.m; sourceTree = "<group>"; };
/* End PBXFileReference section */

/* Begin PBXFrameworksBuildPhase section */
		0AF7FE9D21F1F14100E3AFEF /* Frameworks */ = {
			isa = PBXFrameworksBuildPhase;
			buildActionMask = 2147483647;
			files = (
			);
			runOnlyForDeploymentPostprocessing = 0;
		};
		0AF7FEB521F1F14200E3AFEF /* Frameworks */ = {
			isa = PBXFrameworksBuildPhase;
			buildActionMask = 2147483647;
			files = (
			);
			runOnlyForDeploymentPostprocessing = 0;
		};
		0AF7FEC021F1F14200E3AFEF /* Frameworks */ = {
			isa = PBXFrameworksBuildPhase;
			buildActionMask = 2147483647;
			files = (
			);
			runOnlyForDeploymentPostprocessing = 0;
		};
/* End PBXFrameworksBuildPhase section */

/* Begin PBXGroup section */
		0AF7FE9721F1F14100E3AFEF = {
			isa = PBXGroup;
			children = (
				0AF7FEA221F1F14100E3AFEF /* OBJDescription */,
				0AF7FEBB21F1F14200E3AFEF /* OBJDescriptionTests */,
				0AF7FEC621F1F14200E3AFEF /* OBJDescriptionUITests */,
				0AF7FEA121F1F14100E3AFEF /* Products */,
			);
			sourceTree = "<group>";
		};
		0AF7FEA121F1F14100E3AFEF /* Products */ = {
			isa = PBXGroup;
			children = (
				0AF7FEA021F1F14100E3AFEF /* OBJDescription.app */,
				0AF7FEB821F1F14200E3AFEF /* OBJDescriptionTests.xctest */,
				0AF7FEC321F1F14200E3AFEF /* OBJDescriptionUITests.xctest */,
			);
			name = Products;
			sourceTree = "<group>";
		};
		0AF7FEA221F1F14100E3AFEF /* OBJDescription */ = {
			isa = PBXGroup;
			children = (
				0AF7FEA321F1F14100E3AFEF /* AppDelegate.h */,
				0AF7FEA421F1F14100E3AFEF /* AppDelegate.m */,
				0AF7FEA621F1F14100E3AFEF /* ViewController.h */,
				0AF7FEA721F1F14100E3AFEF /* ViewController.m */,
				0AF7FEE421F2294D00E3AFEF /* Person.h */,
				0AF7FEE521F2294D00E3AFEF /* Person.m */,
				0AF7FEE121F1F63400E3AFEF /* NSDictionary+Sharker_log.h */,
				0AF7FEE221F1F63400E3AFEF /* NSDictionary+Sharker_log.m */,
				0AF7FEDE21F1F5A000E3AFEF /* NSArray+Sharker_log.h */,
				0AF7FEDF21F1F5A000E3AFEF /* NSArray+Sharker_log.m */,
				0AF7FED521F1F3A500E3AFEF /* NSObject+Sharker_description.h */,
				0AF7FED621F1F3A500E3AFEF /* NSObject+Sharker_description.m */,
				0AF7FEA921F1F14100E3AFEF /* Main.storyboard */,
				0AF7FEAC21F1F14200E3AFEF /* Assets.xcassets */,
				0AF7FEAE21F1F14200E3AFEF /* LaunchScreen.storyboard */,
				0AF7FEB121F1F14200E3AFEF /* Info.plist */,
				0AF7FEB221F1F14200E3AFEF /* main.m */,
			);
			path = OBJDescription;
			sourceTree = "<group>";
		};
		0AF7FEBB21F1F14200E3AFEF /* OBJDescriptionTests */ = {
			isa = PBXGroup;
			children = (
				0AF7FEBC21F1F14200E3AFEF /* OBJDescriptionTests.m */,
				0AF7FEBE21F1F14200E3AFEF /* Info.plist */,
			);
			path = OBJDescriptionTests;
			sourceTree = "<group>";
		};
		0AF7FEC621F1F14200E3AFEF /* OBJDescriptionUITests */ = {
			isa = PBXGroup;
			children = (
				0AF7FEC721F1F14200E3AFEF /* OBJDescriptionUITests.m */,
				0AF7FEC921F1F14200E3AFEF /* Info.plist */,
			);
			path = OBJDescriptionUITests;
			sourceTree = "<group>";
		};
/* End PBXGroup section */

/* Begin PBXNativeTarget section */
		0AF7FE9F21F1F14100E3AFEF /* OBJDescription */ = {
			isa = PBXNativeTarget;
			buildConfigurationList = 0AF7FECC21F1F14200E3AFEF /* Build configuration list for PBXNativeTarget "OBJDescription" */;
			buildPhases = (
				0AF7FE9C21F1F14100E3AFEF /* Sources */,
				0AF7FE9D21F1F14100E3AFEF /* Frameworks */,
				0AF7FE9E21F1F14100E3AFEF /* Resources */,
			);
			buildRules = (
			);
			dependencies = (
			);
			name = OBJDescription;
			productName = OBJDescription;
			productReference = 0AF7FEA021F1F14100E3AFEF /* OBJDescription.app */;
			productType = "com.apple.product-type.application";
		};
		0AF7FEB721F1F14200E3AFEF /* OBJDescriptionTests */ = {
			isa = PBXNativeTarget;
			buildConfigurationList = 0AF7FECF21F1F14200E3AFEF /* Build configuration list for PBXNativeTarget "OBJDescriptionTests" */;
			buildPhases = (
				0AF7FEB421F1F14200E3AFEF /* Sources */,
				0AF7FEB521F1F14200E3AFEF /* Frameworks */,
				0AF7FEB621F1F14200E3AFEF /* Resources */,
			);
			buildRules = (
			);
			dependencies = (
				0AF7FEBA21F1F14200E3AFEF /* PBXTargetDependency */,
			);
			name = OBJDescriptionTests;
			productName = OBJDescriptionTests;
			productReference = 0AF7FEB821F1F14200E3AFEF /* OBJDescriptionTests.xctest */;
			productType = "com.apple.product-type.bundle.unit-test";
		};
		0AF7FEC221F1F14200E3AFEF /* OBJDescriptionUITests */ = {
			isa = PBXNativeTarget;
			buildConfigurationList = 0AF7FED221F1F14200E3AFEF /* Build configuration list for PBXNativeTarget "OBJDescriptionUITests" */;
			buildPhases = (
				0AF7FEBF21F1F14200E3AFEF /* Sources */,
				0AF7FEC021F1F14200E3AFEF /* Frameworks */,
				0AF7FEC121F1F14200E3AFEF /* Resources */,
			);
			buildRules = (
			);
			dependencies = (
				0AF7FEC521F1F14200E3AFEF /* PBXTargetDependency */,
			);
			name = OBJDescriptionUITests;
			productName = OBJDescriptionUITests;
			productReference = 0AF7FEC321F1F14200E3AFEF /* OBJDescriptionUITests.xctest */;
			productType = "com.apple.product-type.bundle.ui-testing";
		};
/* End PBXNativeTarget section */

/* Begin PBXProject section */
		0AF7FE9821F1F14100E3AFEF /* Project object */ = {
			isa = PBXProject;
			attributes = {
				LastUpgradeCheck = 1000;
				ORGANIZATIONNAME = Sharker;
				TargetAttributes = {
					0AF7FE9F21F1F14100E3AFEF = {
						CreatedOnToolsVersion = 10.0;
					};
					0AF7FEB721F1F14200E3AFEF = {
						CreatedOnToolsVersion = 10.0;
						TestTargetID = 0AF7FE9F21F1F14100E3AFEF;
					};
					0AF7FEC221F1F14200E3AFEF = {
						CreatedOnToolsVersion = 10.0;
						TestTargetID = 0AF7FE9F21F1F14100E3AFEF;
					};
				};
			};
			buildConfigurationList = 0AF7FE9B21F1F14100E3AFEF /* Build configuration list for PBXProject "OBJDescription" */;
			compatibilityVersion = "Xcode 9.3";
			developmentRegion = en;
			hasScannedForEncodings = 0;
			knownRegions = (
				en,
				Base,
			);
			mainGroup = 0AF7FE9721F1F14100E3AFEF;
			productRefGroup = 0AF7FEA121F1F14100E3AFEF /* Products */;
			projectDirPath = "";
			projectRoot = "";
			targets = (
				0AF7FE9F21F1F14100E3AFEF /* OBJDescription */,
				0AF7FEB721F1F14200E3AFEF /* OBJDescriptionTests */,
				0AF7FEC221F1F14200E3AFEF /* OBJDescriptionUITests */,
			);
		};
/* End PBXProject section */

/* Begin PBXResourcesBuildPhase section */
		0AF7FE9E21F1F14100E3AFEF /* Resources */ = {
			isa = PBXResourcesBuildPhase;
			buildActionMask = 2147483647;
			files = (
				0AF7FEB021F1F14200E3AFEF /* LaunchScreen.storyboard in Resources */,
				0AF7FEAD21F1F14200E3AFEF /* Assets.xcassets in Resources */,
				0AF7FEAB21F1F14100E3AFEF /* Main.storyboard in Resources */,
			);
			runOnlyForDeploymentPostprocessing = 0;
		};
		0AF7FEB621F1F14200E3AFEF /* Resources */ = {
			isa = PBXResourcesBuildPhase;
			buildActionMask = 2147483647;
			files = (
			);
			runOnlyForDeploymentPostprocessing = 0;
		};
		0AF7FEC121F1F14200E3AFEF /* Resources */ = {
			isa = PBXResourcesBuildPhase;
			buildActionMask = 2147483647;
			files = (
			);
			runOnlyForDeploymentPostprocessing = 0;
		};
/* End PBXResourcesBuildPhase section */

/* Begin PBXSourcesBuildPhase section */
		0AF7FE9C21F1F14100E3AFEF /* Sources */ = {
			isa = PBXSourcesBuildPhase;
			buildActionMask = 2147483647;
			files = (
				0AF7FEE321F1F63400E3AFEF /* NSDictionary+Sharker_log.m in Sources */,
				0AF7FEA821F1F14100E3AFEF /* ViewController.m in Sources */,
				0AF7FEE621F2294D00E3AFEF /* Person.m in Sources */,
				0AF7FEB321F1F14200E3AFEF /* main.m in Sources */,
				0AF7FEA521F1F14100E3AFEF /* AppDelegate.m in Sources */,
				0AF7FEE021F1F5A000E3AFEF /* NSArray+Sharker_log.m in Sources */,
				0AF7FED721F1F3A500E3AFEF /* NSObject+Sharker_description.m in Sources */,
			);
			runOnlyForDeploymentPostprocessing = 0;
		};
		0AF7FEB421F1F14200E3AFEF /* Sources */ = {
			isa = PBXSourcesBuildPhase;
			buildActionMask = 2147483647;
			files = (
				0AF7FEBD21F1F14200E3AFEF /* OBJDescriptionTests.m in Sources */,
			);
			runOnlyForDeploymentPostprocessing = 0;
		};
		0AF7FEBF21F1F14200E3AFEF /* Sources */ = {
			isa = PBXSourcesBuildPhase;
			buildActionMask = 2147483647;
			files = (
				0AF7FEC821F1F14200E3AFEF /* OBJDescriptionUITests.m in Sources */,
			);
			runOnlyForDeploymentPostprocessing = 0;
		};
/* End PBXSourcesBuildPhase section */

/* Begin PBXTargetDependency section */
		0AF7FEBA21F1F14200E3AFEF /* PBXTargetDependency */ = {
			isa = PBXTargetDependency;
			target = 0AF7FE9F21F1F14100E3AFEF /* OBJDescription */;
			targetProxy = 0AF7FEB921F1F14200E3AFEF /* PBXContainerItemProxy */;
		};
		0AF7FEC521F1F14200E3AFEF /* PBXTargetDependency */ = {
			isa = PBXTargetDependency;
			target = 0AF7FE9F21F1F14100E3AFEF /* OBJDescription */;
			targetProxy = 0AF7FEC421F1F14200E3AFEF /* PBXContainerItemProxy */;
		};
/* End PBXTargetDependency section */

/* Begin PBXVariantGroup section */
		0AF7FEA921F1F14100E3AFEF /* Main.storyboard */ = {
			isa = PBXVariantGroup;
			children = (
				0AF7FEAA21F1F14100E3AFEF /* Base */,
			);
			name = Main.storyboard;
			sourceTree = "<group>";
		};
		0AF7FEAE21F1F14200E3AFEF /* LaunchScreen.storyboard */ = {
			isa = PBXVariantGroup;
			children = (
				0AF7FEAF21F1F14200E3AFEF /* Base */,
			);
			name = LaunchScreen.storyboard;
			sourceTree = "<group>";
		};
/* End PBXVariantGroup section */

/* Begin XCBuildConfiguration section */
		0AF7FECA21F1F14200E3AFEF /* Debug */ = {
			isa = XCBuildConfiguration;
			buildSettings = {
				ALWAYS_SEARCH_USER_PATHS = NO;
				CLANG_ANALYZER_NONNULL = YES;
				CLANG_ANALYZER_NUMBER_OBJECT_CONVERSION = YES_AGGRESSIVE;
				CLANG_CXX_LANGUAGE_STANDARD = "gnu++14";
				CLANG_CXX_LIBRARY = "libc++";
				CLANG_ENABLE_MODULES = YES;
				CLANG_ENABLE_OBJC_ARC = YES;
				CLANG_ENABLE_OBJC_WEAK = YES;
				CLANG_WARN_BLOCK_CAPTURE_AUTORELEASING = YES;
				CLANG_WARN_BOOL_CONVERSION = YES;
				CLANG_WARN_COMMA = YES;
				CLANG_WARN_CONSTANT_CONVERSION = YES;
				CLANG_WARN_DEPRECATED_OBJC_IMPLEMENTATIONS = YES;
				CLANG_WARN_DIRECT_OBJC_ISA_USAGE = YES_ERROR;
				CLANG_WARN_DOCUMENTATION_COMMENTS = YES;
				CLANG_WARN_EMPTY_BODY = YES;
				CLANG_WARN_ENUM_CONVERSION = YES;
				CLANG_WARN_INFINITE_RECURSION = YES;
				CLANG_WARN_INT_CONVERSION = YES;
				CLANG_WARN_NON_LITERAL_NULL_CONVERSION = YES;
				CLANG_WARN_OBJC_IMPLICIT_RETAIN_SELF = YES;
				CLANG_WARN_OBJC_LITERAL_CONVERSION = YES;
				CLANG_WARN_OBJC_ROOT_CLASS = YES_ERROR;
				CLANG_WARN_RANGE_LOOP_ANALYSIS = YES;
				CLANG_WARN_STRICT_PROTOTYPES = YES;
				CLANG_WARN_SUSPICIOUS_MOVE = YES;
				CLANG_WARN_UNGUARDED_AVAILABILITY = YES_AGGRESSIVE;
				CLANG_WARN_UNREACHABLE_CODE = YES;
				CLANG_WARN__DUPLICATE_METHOD_MATCH = YES;
				CODE_SIGN_IDENTITY = "iPhone Developer";
				COPY_PHASE_STRIP = NO;
				DEBUG_INFORMATION_FORMAT = dwarf;
				ENABLE_STRICT_OBJC_MSGSEND = YES;
				ENABLE_TESTABILITY = YES;
				GCC_C_LANGUAGE_STANDARD = gnu11;
				GCC_DYNAMIC_NO_PIC = NO;
				GCC_NO_COMMON_BLOCKS = YES;
				GCC_OPTIMIZATION_LEVEL = 0;
				GCC_PREPROCESSOR_DEFINITIONS = (
					"DEBUG=1",
					"$(inherited)",
				);
				GCC_WARN_64_TO_32_BIT_CONVERSION = YES;
				GCC_WARN_ABOUT_RETURN_TYPE = YES_ERROR;
				GCC_WARN_UNDECLARED_SELECTOR = YES;
				GCC_WARN_UNINITIALIZED_AUTOS = YES_AGGRESSIVE;
				GCC_WARN_UNUSED_FUNCTION = YES;
				GCC_WARN_UNUSED_VARIABLE = YES;
				IPHONEOS_DEPLOYMENT_TARGET = 12.0;
				MTL_ENABLE_DEBUG_INFO = INCLUDE_SOURCE;
				MTL_FAST_MATH = YES;
				ONLY_ACTIVE_ARCH = YES;
				SDKROOT = iphoneos;
			};
			name = Debug;
		};
		0AF7FECB21F1F14200E3AFEF /* Release */ = {
			isa = XCBuildConfiguration;
			buildSettings = {
				ALWAYS_SEARCH_USER_PATHS = NO;
				CLANG_ANALYZER_NONNULL = YES;
				CLANG_ANALYZER_NUMBER_OBJECT_CONVERSION = YES_AGGRESSIVE;
				CLANG_CXX_LANGUAGE_STANDARD = "gnu++14";
				CLANG_CXX_LIBRARY = "libc++";
				CLANG_ENABLE_MODULES = YES;
				CLANG_ENABLE_OBJC_ARC = YES;
				CLANG_ENABLE_OBJC_WEAK = YES;
				CLANG_WARN_BLOCK_CAPTURE_AUTORELEASING = YES;
				CLANG_WARN_BOOL_CONVERSION = YES;
				CLANG_WARN_COMMA = YES;
				CLANG_WARN_CONSTANT_CONVERSION = YES;
				CLANG_WARN_DEPRECATED_OBJC_IMPLEMENTATIONS = YES;
				CLANG_WARN_DIRECT_OBJC_ISA_USAGE = YES_ERROR;
				CLANG_WARN_DOCUMENTATION_COMMENTS = YES;
				CLANG_WARN_EMPTY_BODY = YES;
				CLANG_WARN_ENUM_CONVERSION = YES;
				CLANG_WARN_INFINITE_RECURSION = YES;
				CLANG_WARN_INT_CONVERSION = YES;
				CLANG_WARN_NON_LITERAL_NULL_CONVERSION = YES;
				CLANG_WARN_OBJC_IMPLICIT_RETAIN_SELF = YES;
				CLANG_WARN_OBJC_LITERAL_CONVERSION = YES;
				CLANG_WARN_OBJC_ROOT_CLASS = YES_ERROR;
				CLANG_WARN_RANGE_LOOP_ANALYSIS = YES;
				CLANG_WARN_STRICT_PROTOTYPES = YES;
				CLANG_WARN_SUSPICIOUS_MOVE = YES;
				CLANG_WARN_UNGUARDED_AVAILABILITY = YES_AGGRESSIVE;
				CLANG_WARN_UNREACHABLE_CODE = YES;
				CLANG_WARN__DUPLICATE_METHOD_MATCH = YES;
				CODE_SIGN_IDENTITY = "iPhone Developer";
				COPY_PHASE_STRIP = NO;
				DEBUG_INFORMATION_FORMAT = "dwarf-with-dsym";
				ENABLE_NS_ASSERTIONS = NO;
				ENABLE_STRICT_OBJC_MSGSEND = YES;
				GCC_C_LANGUAGE_STANDARD = gnu11;
				GCC_NO_COMMON_BLOCKS = YES;
				GCC_WARN_64_TO_32_BIT_CONVERSION = YES;
				GCC_WARN_ABOUT_RETURN_TYPE = YES_ERROR;
				GCC_WARN_UNDECLARED_SELECTOR = YES;
				GCC_WARN_UNINITIALIZED_AUTOS = YES_AGGRESSIVE;
				GCC_WARN_UNUSED_FUNCTION = YES;
				GCC_WARN_UNUSED_VARIABLE = YES;
				IPHONEOS_DEPLOYMENT_TARGET = 12.0;
				MTL_ENABLE_DEBUG_INFO = NO;
				MTL_FAST_MATH = YES;
				SDKROOT = iphoneos;
				VALIDATE_PRODUCT = YES;
			};
			name = Release;
		};
		0AF7FECD21F1F14200E3AFEF /* Debug */ = {
			isa = XCBuildConfiguration;
			buildSettings = {
				ASSETCATALOG_COMPILER_APPICON_NAME = AppIcon;
				CODE_SIGN_STYLE = Automatic;
				DEVELOPMENT_TEAM = 8668L864WZ;
				INFOPLIST_FILE = OBJDescription/Info.plist;
				LD_RUNPATH_SEARCH_PATHS = (
					"$(inherited)",
					"@executable_path/Frameworks",
				);
				PRODUCT_BUNDLE_IDENTIFIER = Sharker.OBJDescription;
				PRODUCT_NAME = "$(TARGET_NAME)";
				TARGETED_DEVICE_FAMILY = "1,2";
			};
			name = Debug;
		};
		0AF7FECE21F1F14200E3AFEF /* Release */ = {
			isa = XCBuildConfiguration;
			buildSettings = {
				ASSETCATALOG_COMPILER_APPICON_NAME = AppIcon;
				CODE_SIGN_STYLE = Automatic;
				DEVELOPMENT_TEAM = 8668L864WZ;
				INFOPLIST_FILE = OBJDescription/Info.plist;
				LD_RUNPATH_SEARCH_PATHS = (
					"$(inherited)",
					"@executable_path/Frameworks",
				);
				PRODUCT_BUNDLE_IDENTIFIER = Sharker.OBJDescription;
				PRODUCT_NAME = "$(TARGET_NAME)";
				TARGETED_DEVICE_FAMILY = "1,2";
			};
			name = Release;
		};
		0AF7FED021F1F14200E3AFEF /* Debug */ = {
			isa = XCBuildConfiguration;
			buildSettings = {
				BUNDLE_LOADER = "$(TEST_HOST)";
				CODE_SIGN_STYLE = Automatic;
				INFOPLIST_FILE = OBJDescriptionTests/Info.plist;
				LD_RUNPATH_SEARCH_PATHS = (
					"$(inherited)",
					"@executable_path/Frameworks",
					"@loader_path/Frameworks",
				);
				PRODUCT_BUNDLE_IDENTIFIER = Sharker.OBJDescriptionTests;
				PRODUCT_NAME = "$(TARGET_NAME)";
				TARGETED_DEVICE_FAMILY = "1,2";
				TEST_HOST = "$(BUILT_PRODUCTS_DIR)/OBJDescription.app/OBJDescription";
			};
			name = Debug;
		};
		0AF7FED121F1F14200E3AFEF /* Release */ = {
			isa = XCBuildConfiguration;
			buildSettings = {
				BUNDLE_LOADER = "$(TEST_HOST)";
				CODE_SIGN_STYLE = Automatic;
				INFOPLIST_FILE = OBJDescriptionTests/Info.plist;
				LD_RUNPATH_SEARCH_PATHS = (
					"$(inherited)",
					"@executable_path/Frameworks",
					"@loader_path/Frameworks",
				);
				PRODUCT_BUNDLE_IDENTIFIER = Sharker.OBJDescriptionTests;
				PRODUCT_NAME = "$(TARGET_NAME)";
				TARGETED_DEVICE_FAMILY = "1,2";
				TEST_HOST = "$(BUILT_PRODUCTS_DIR)/OBJDescription.app/OBJDescription";
			};
			name = Release;
		};
		0AF7FED321F1F14200E3AFEF /* Debug */ = {
			isa = XCBuildConfiguration;
			buildSettings = {
				CODE_SIGN_STYLE = Automatic;
				INFOPLIST_FILE = OBJDescriptionUITests/Info.plist;
				LD_RUNPATH_SEARCH_PATHS = (
					"$(inherited)",
					"@executable_path/Frameworks",
					"@loader_path/Frameworks",
				);
				PRODUCT_BUNDLE_IDENTIFIER = Sharker.OBJDescriptionUITests;
				PRODUCT_NAME = "$(TARGET_NAME)";
				TARGETED_DEVICE_FAMILY = "1,2";
				TEST_TARGET_NAME = OBJDescription;
			};
			name = Debug;
		};
		0AF7FED421F1F14200E3AFEF /* Release */ = {
			isa = XCBuildConfiguration;
			buildSettings = {
				CODE_SIGN_STYLE = Automatic;
				INFOPLIST_FILE = OBJDescriptionUITests/Info.plist;
				LD_RUNPATH_SEARCH_PATHS = (
					"$(inherited)",
					"@executable_path/Frameworks",
					"@loader_path/Frameworks",
				);
				PRODUCT_BUNDLE_IDENTIFIER = Sharker.OBJDescriptionUITests;
				PRODUCT_NAME = "$(TARGET_NAME)";
				TARGETED_DEVICE_FAMILY = "1,2";
				TEST_TARGET_NAME = OBJDescription;
			};
			name = Release;
		};
/* End XCBuildConfiguration section */

/* Begin XCConfigurationList section */
		0AF7FE9B21F1F14100E3AFEF /* Build configuration list for PBXProject "OBJDescription" */ = {
			isa = XCConfigurationList;
			buildConfigurations = (
				0AF7FECA21F1F14200E3AFEF /* Debug */,
				0AF7FECB21F1F14200E3AFEF /* Release */,
			);
			defaultConfigurationIsVisible = 0;
			defaultConfigurationName = Release;
		};
		0AF7FECC21F1F14200E3AFEF /* Build configuration list for PBXNativeTarget "OBJDescription" */ = {
			isa = XCConfigurationList;
			buildConfigurations = (
				0AF7FECD21F1F14200E3AFEF /* Debug */,
				0AF7FECE21F1F14200E3AFEF /* Release */,
			);
			defaultConfigurationIsVisible = 0;
			defaultConfigurationName = Release;
		};
		0AF7FECF21F1F14200E3AFEF /* Build configuration list for PBXNativeTarget "OBJDescriptionTests" */ = {
			isa = XCConfigurationList;
			buildConfigurations = (
				0AF7FED021F1F14200E3AFEF /* Debug */,
				0AF7FED121F1F14200E3AFEF /* Release */,
			);
			defaultConfigurationIsVisible = 0;
			defaultConfigurationName = Release;
		};
		0AF7FED221F1F14200E3AFEF /* Build configuration list for PBXNativeTarget "OBJDescriptionUITests" */ = {
			isa = XCConfigurationList;
			buildConfigurations = (
				0AF7FED321F1F14200E3AFEF /* Debug */,
				0AF7FED421F1F14200E3AFEF /* Release */,
			);
			defaultConfigurationIsVisible = 0;
			defaultConfigurationName = Release;
		};
/* End XCConfigurationList section */
	};
	rootObject = 0AF7FE9821F1F14100E3AFEF /* Project object */;
}
